
Microsoft Visual Studio Solution File, Format Version 12.00
# Visual Studio Version 17
VisualStudioVersion = 17.8.34408.163
MinimumVisualStudioVersion = 10.0.40219.1
Project("{9A19103F-16F7-4668-BE54-9A1E7A4F7556}") = "MatrixAreasCount", "MatrixAreasCount\MatrixAreasCount.csproj", "{0188E101-4DC5-4F87-9764-8AB7473EA84C}"
EndProject
Global
	GlobalSection(SolutionConfigurationPlatforms) = preSolution
		Debug|Any CPU = Debug|Any CPU
		Release|Any CPU = Release|Any CPU
	EndGlobalSection
	GlobalSection(ProjectConfigurationPlatforms) = postSolution
		{0188E101-4DC5-4F87-9764-8AB7473EA84C}.Debug|Any CPU.ActiveCfg = Debug|Any CPU
		{0188E101-4DC5-4F87-9764-8AB7473EA84C}.Debug|Any CPU.Build.0 = Debug|Any CPU
		{0188E101-4DC5-4F87-9764-8AB7473EA84C}.Release|Any CPU.ActiveCfg = Release|Any CPU
		{0188E101-4DC5-4F87-9764-8AB7473EA84C}.Release|Any CPU.Build.0 = Release|Any CPU
	EndGlobalSection
	GlobalSection(SolutionProperties) = preSolution
		HideSolutionNode = FALSE
	EndGlobalSection
	GlobalSection(ExtensibilityGlobals) = postSolution
		SolutionGuid = {C3F1039C-57FA-43EF-A2EA-460F3EF4EEAA}
	EndGlobalSection
EndGlobal
